
Microsoft Visual Studio Solution File, Format Version 12.00
# Visual Studio Version 16
VisualStudioVersion = 16.0.31624.102
MinimumVisualStudioVersion = 10.0.40219.1
Project("{FAE04EC0-301F-11D3-BF4B-00C04F79EFBC}") = "String Manipulation", "String Manipulation\String Manipulation.csproj", "{385706EA-B335-47F4-9C76-FB5030FA52B5}"
EndProject
Global
	GlobalSection(SolutionConfigurationPlatforms) = preSolution
		Debug|Any CPU = Debug|Any CPU
		Release|Any CPU = Release|Any CPU
	EndGlobalSection
	GlobalSection(ProjectConfigurationPlatforms) = postSolution
		{385706EA-B335-47F4-9C76-FB5030FA52B5}.Debug|Any CPU.ActiveCfg = Debug|Any CPU
		{385706EA-B335-47F4-9C76-FB5030FA52B5}.Debug|Any CPU.Build.0 = Debug|Any CPU
		{385706EA-B335-47F4-9C76-FB5030FA52B5}.Release|Any CPU.ActiveCfg = Release|Any CPU
		{385706EA-B335-47F4-9C76-FB5030FA52B5}.Release|Any CPU.Build.0 = Release|Any CPU
	EndGlobalSection
	GlobalSection(SolutionProperties) = preSolution
		HideSolutionNode = FALSE
	EndGlobalSection
	GlobalSection(ExtensibilityGlobals) = postSolution
		SolutionGuid = {92E7190B-3CAD-4AC0-BA7B-9244BB912328}
	EndGlobalSection
EndGlobal
