
Microsoft Visual Studio Solution File, Format Version 12.00
# Visual Studio Version 16
VisualStudioVersion = 16.0.31624.102
MinimumVisualStudioVersion = 10.0.40219.1
Project("{FAE04EC0-301F-11D3-BF4B-00C04F79EFBC}") = "Challenge Datatypes and Variables", "Challenge Datatypes and Variables\Challenge Datatypes and Variables.csproj", "{4D75C4C6-3D91-41ED-9B11-917452242A43}"
EndProject
Global
	GlobalSection(SolutionConfigurationPlatforms) = preSolution
		Debug|Any CPU = Debug|Any CPU
		Release|Any CPU = Release|Any CPU
	EndGlobalSection
	GlobalSection(ProjectConfigurationPlatforms) = postSolution
		{4D75C4C6-3D91-41ED-9B11-917452242A43}.Debug|Any CPU.ActiveCfg = Debug|Any CPU
		{4D75C4C6-3D91-41ED-9B11-917452242A43}.Debug|Any CPU.Build.0 = Debug|Any CPU
		{4D75C4C6-3D91-41ED-9B11-917452242A43}.Release|Any CPU.ActiveCfg = Release|Any CPU
		{4D75C4C6-3D91-41ED-9B11-917452242A43}.Release|Any CPU.Build.0 = Release|Any CPU
	EndGlobalSection
	GlobalSection(SolutionProperties) = preSolution
		HideSolutionNode = FALSE
	EndGlobalSection
	GlobalSection(ExtensibilityGlobals) = postSolution
		SolutionGuid = {6BF03215-0CF2-4809-92D6-21DA7D158A7E}
	EndGlobalSection
EndGlobal
